
Microsoft Visual Studio Solution File, Format Version 12.00
# Visual Studio 15
VisualStudioVersion = 15.0.26124.0
MinimumVisualStudioVersion = 15.0.26124.0
Project("{FAE04EC0-301F-11D3-BF4B-00C04F79EFBC}") = "FantasyBaseball.LeagueService", "FantasyBaseball.LeagueService\FantasyBaseball.LeagueService.csproj", "{45589694-4DE4-4C4B-AD89-35C2EF67B908}"
EndProject
Project("{FAE04EC0-301F-11D3-BF4B-00C04F79EFBC}") = "FantasyBaseball.PlayerService.IntegrationTests", "FantasyBaseball.PlayerService.IntegrationTests\FantasyBaseball.PlayerService.IntegrationTests.csproj", "{947AB753-78F2-4B3E-8B03-BD69C23FC595}"
EndProject
Project("{FAE04EC0-301F-11D3-BF4B-00C04F79EFBC}") = "FantasyBaseball.LeagueService.UnitTests", "FantasyBaseball.LeagueService.UnitTests\FantasyBaseball.LeagueService.UnitTests.csproj", "{98ADFA8C-12BE-4B22-9E56-C14EC054F3F5}"
EndProject
Global
	GlobalSection(SolutionConfigurationPlatforms) = preSolution
		Debug|Any CPU = Debug|Any CPU
		Debug|x64 = Debug|x64
		Debug|x86 = Debug|x86
		Release|Any CPU = Release|Any CPU
		Release|x64 = Release|x64
		Release|x86 = Release|x86
	EndGlobalSection
	GlobalSection(SolutionProperties) = preSolution
		HideSolutionNode = FALSE
	EndGlobalSection
	GlobalSection(ProjectConfigurationPlatforms) = postSolution
		{45589694-4DE4-4C4B-AD89-35C2EF67B908}.Debug|Any CPU.ActiveCfg = Debug|Any CPU
		{45589694-4DE4-4C4B-AD89-35C2EF67B908}.Debug|Any CPU.Build.0 = Debug|Any CPU
		{45589694-4DE4-4C4B-AD89-35C2EF67B908}.Debug|x64.ActiveCfg = Debug|Any CPU
		{45589694-4DE4-4C4B-AD89-35C2EF67B908}.Debug|x64.Build.0 = Debug|Any CPU
		{45589694-4DE4-4C4B-AD89-35C2EF67B908}.Debug|x86.ActiveCfg = Debug|Any CPU
		{45589694-4DE4-4C4B-AD89-35C2EF67B908}.Debug|x86.Build.0 = Debug|Any CPU
		{45589694-4DE4-4C4B-AD89-35C2EF67B908}.Release|Any CPU.ActiveCfg = Release|Any CPU
		{45589694-4DE4-4C4B-AD89-35C2EF67B908}.Release|Any CPU.Build.0 = Release|Any CPU
		{45589694-4DE4-4C4B-AD89-35C2EF67B908}.Release|x64.ActiveCfg = Release|Any CPU
		{45589694-4DE4-4C4B-AD89-35C2EF67B908}.Release|x64.Build.0 = Release|Any CPU
		{45589694-4DE4-4C4B-AD89-35C2EF67B908}.Release|x86.ActiveCfg = Release|Any CPU
		{45589694-4DE4-4C4B-AD89-35C2EF67B908}.Release|x86.Build.0 = Release|Any CPU
		{98ADFA8C-12BE-4B22-9E56-C14EC054F3F5}.Debug|Any CPU.ActiveCfg = Debug|Any CPU
		{98ADFA8C-12BE-4B22-9E56-C14EC054F3F5}.Debug|Any CPU.Build.0 = Debug|Any CPU
		{98ADFA8C-12BE-4B22-9E56-C14EC054F3F5}.Debug|x64.ActiveCfg = Debug|Any CPU
		{98ADFA8C-12BE-4B22-9E56-C14EC054F3F5}.Debug|x64.Build.0 = Debug|Any CPU
		{98ADFA8C-12BE-4B22-9E56-C14EC054F3F5}.Debug|x86.ActiveCfg = Debug|Any CPU
		{98ADFA8C-12BE-4B22-9E56-C14EC054F3F5}.Debug|x86.Build.0 = Debug|Any CPU
		{98ADFA8C-12BE-4B22-9E56-C14EC054F3F5}.Release|Any CPU.ActiveCfg = Release|Any CPU
		{98ADFA8C-12BE-4B22-9E56-C14EC054F3F5}.Release|Any CPU.Build.0 = Release|Any CPU
		{98ADFA8C-12BE-4B22-9E56-C14EC054F3F5}.Release|x64.ActiveCfg = Release|Any CPU
		{98ADFA8C-12BE-4B22-9E56-C14EC054F3F5}.Release|x64.Build.0 = Release|Any CPU
		{98ADFA8C-12BE-4B22-9E56-C14EC054F3F5}.Release|x86.ActiveCfg = Release|Any CPU
		{98ADFA8C-12BE-4B22-9E56-C14EC054F3F5}.Release|x86.Build.0 = Release|Any CPU
		{947AB753-78F2-4B3E-8B03-BD69C23FC595}.Debug|Any CPU.ActiveCfg = Debug|Any CPU
		{947AB753-78F2-4B3E-8B03-BD69C23FC595}.Debug|Any CPU.Build.0 = Debug|Any CPU
		{947AB753-78F2-4B3E-8B03-BD69C23FC595}.Debug|x64.ActiveCfg = Debug|Any CPU
		{947AB753-78F2-4B3E-8B03-BD69C23FC595}.Debug|x64.Build.0 = Debug|Any CPU
		{947AB753-78F2-4B3E-8B03-BD69C23FC595}.Debug|x86.ActiveCfg = Debug|Any CPU
		{947AB753-78F2-4B3E-8B03-BD69C23FC595}.Debug|x86.Build.0 = Debug|Any CPU
		{947AB753-78F2-4B3E-8B03-BD69C23FC595}.Release|Any CPU.ActiveCfg = Release|Any CPU
		{947AB753-78F2-4B3E-8B03-BD69C23FC595}.Release|Any CPU.Build.0 = Release|Any CPU
		{947AB753-78F2-4B3E-8B03-BD69C23FC595}.Release|x64.ActiveCfg = Release|Any CPU
		{947AB753-78F2-4B3E-8B03-BD69C23FC595}.Release|x64.Build.0 = Release|Any CPU
		{947AB753-78F2-4B3E-8B03-BD69C23FC595}.Release|x86.ActiveCfg = Release|Any CPU
		{947AB753-78F2-4B3E-8B03-BD69C23FC595}.Release|x86.Build.0 = Release|Any CPU
	EndGlobalSection
EndGlobal
